
Microsoft Visual Studio Solution File, Format Version 12.00
# Visual Studio Version 16
VisualStudioVersion = 16.0.28922.388
MinimumVisualStudioVersion = 10.0.40219.1
Project("{9A19103F-16F7-4668-BE54-9A1E7A4F7556}") = "i18n.App", "App\i18n.App\i18n.App.csproj", "{14A57764-0E0B-46C2-B0D6-B382F7055E54}"
EndProject
Project("{9A19103F-16F7-4668-BE54-9A1E7A4F7556}") = "i18n.Services.Parsers", "Services\Parsers\i18n.Services.Parsers\i18n.Services.Parsers.csproj", "{F59D0C70-1088-4108-B7C1-CA155CB9477E}"
EndProject
Project("{2150E333-8FDC-42A3-9474-1A3956D46DE8}") = "App", "App", "{0935AAE5-3E4A-4A3A-94D4-BDE47BC48FEC}"
EndProject
Project("{2150E333-8FDC-42A3-9474-1A3956D46DE8}") = "Services", "Services", "{87B1A788-B124-4534-BCDC-D144E3AF6F37}"
EndProject
Project("{2150E333-8FDC-42A3-9474-1A3956D46DE8}") = "Translator", "Translator", "{7EA7ABBA-8D71-46C1-BABC-B1FBD2F164FA}"
EndProject
Project("{2150E333-8FDC-42A3-9474-1A3956D46DE8}") = "GetText", "GetText", "{0B26A67C-8E6D-4791-9A10-246BD2C83F08}"
EndProject
Project("{9A19103F-16F7-4668-BE54-9A1E7A4F7556}") = "i18n.Services.GetText", "Services\GetText\i18n.Services.GetText\i18n.Services.GetText.csproj", "{AA761224-8D53-49CD-BB56-0F2AF5D8A970}"
EndProject
Project("{9A19103F-16F7-4668-BE54-9A1E7A4F7556}") = "i18n.Services.GetText.Entities", "Services\GetText\i18n.Services.GetText.Entities\i18n.Services.GetText.Entities.csproj", "{A26D273F-24D4-4E2C-89AA-9C1C29EF5CE2}"
EndProject
Project("{2150E333-8FDC-42A3-9474-1A3956D46DE8}") = "Infrastructure", "Infrastructure", "{DEBD95B9-43C8-4A61-A943-B2D12AE77152}"
EndProject
Project("{9A19103F-16F7-4668-BE54-9A1E7A4F7556}") = "i18n.Infrastructure", "Infrastructure\i18n.Infrastructure\i18n.Infrastructure.csproj", "{2D5F6399-076C-4C26-B62E-20A48FFB3172}"
EndProject
Project("{9A19103F-16F7-4668-BE54-9A1E7A4F7556}") = "i18n.Infrastructure.Entities", "Infrastructure\i18n.Infrastructure.Entities\i18n.Infrastructure.Entities.csproj", "{3F3FA82D-07DF-42FA-AC58-DAB902D65A8D}"
EndProject
Project("{9A19103F-16F7-4668-BE54-9A1E7A4F7556}") = "i18n.Services.GetText.Data", "Services\GetText\i18n.Services.GetText.Data\i18n.Services.GetText.Data.csproj", "{A53C1367-0791-4D1D-9E88-9F6E167499DC}"
EndProject
Project("{9A19103F-16F7-4668-BE54-9A1E7A4F7556}") = "i18n.Services.Translator", "Services\Translator\i18n.Services.Translator\i18n.Services.Translator.csproj", "{6AA2B7B9-2C69-4ADD-AEE0-97E47209E74B}"
EndProject
Project("{9A19103F-16F7-4668-BE54-9A1E7A4F7556}") = "i18n.Services.Translator.Entities", "Services\Translator\i18n.Services.Translator.Entities\i18n.Services.Translator.Entities.csproj", "{477CA820-E268-4C24-B925-1BDB55CC54B0}"
EndProject
Project("{9A19103F-16F7-4668-BE54-9A1E7A4F7556}") = "i18n.App.Entites", "App\i18n.App.Entites\i18n.App.Entites.csproj", "{3A58EE74-9B85-4D1E-AD07-0C2D91304093}"
EndProject
Project("{2150E333-8FDC-42A3-9474-1A3956D46DE8}") = "Parsers", "Parsers", "{D7A27CC9-0EF9-4692-96AF-D28EFF68DF07}"
EndProject
Project("{9A19103F-16F7-4668-BE54-9A1E7A4F7556}") = "i18n.Services.Parsers.Entities", "Services\Parsers\i18n.Services.Parsers.Entities\i18n.Services.Parsers.Entities.csproj", "{478DA1BD-9F50-4972-8CF8-9CF424B8AAA2}"
EndProject
Project("{9A19103F-16F7-4668-BE54-9A1E7A4F7556}") = "i18n.Services.Parsers.Data", "Services\Parsers\i18n.Services.Parsers.Data\i18n.Services.Parsers.Data.csproj", "{BE3E19F8-0877-43CD-AF14-3CD3CB9DCB4D}"
EndProject
Project("{9A19103F-16F7-4668-BE54-9A1E7A4F7556}") = "i18n.Services.Translator.Data", "Services\Translator\i18n.Services.Translator.Data\i18n.Services.Translator.Data.csproj", "{1A94E69E-0015-4B4E-84BF-A82FD29191D6}"
EndProject
Global
	GlobalSection(SolutionConfigurationPlatforms) = preSolution
		Debug|Any CPU = Debug|Any CPU
		Release|Any CPU = Release|Any CPU
	EndGlobalSection
	GlobalSection(ProjectConfigurationPlatforms) = postSolution
		{14A57764-0E0B-46C2-B0D6-B382F7055E54}.Debug|Any CPU.ActiveCfg = Debug|Any CPU
		{14A57764-0E0B-46C2-B0D6-B382F7055E54}.Debug|Any CPU.Build.0 = Debug|Any CPU
		{14A57764-0E0B-46C2-B0D6-B382F7055E54}.Release|Any CPU.ActiveCfg = Release|Any CPU
		{14A57764-0E0B-46C2-B0D6-B382F7055E54}.Release|Any CPU.Build.0 = Release|Any CPU
		{F59D0C70-1088-4108-B7C1-CA155CB9477E}.Debug|Any CPU.ActiveCfg = Debug|Any CPU
		{F59D0C70-1088-4108-B7C1-CA155CB9477E}.Debug|Any CPU.Build.0 = Debug|Any CPU
		{F59D0C70-1088-4108-B7C1-CA155CB9477E}.Release|Any CPU.ActiveCfg = Release|Any CPU
		{F59D0C70-1088-4108-B7C1-CA155CB9477E}.Release|Any CPU.Build.0 = Release|Any CPU
		{AA761224-8D53-49CD-BB56-0F2AF5D8A970}.Debug|Any CPU.ActiveCfg = Debug|Any CPU
		{AA761224-8D53-49CD-BB56-0F2AF5D8A970}.Debug|Any CPU.Build.0 = Debug|Any CPU
		{AA761224-8D53-49CD-BB56-0F2AF5D8A970}.Release|Any CPU.ActiveCfg = Release|Any CPU
		{AA761224-8D53-49CD-BB56-0F2AF5D8A970}.Release|Any CPU.Build.0 = Release|Any CPU
		{A26D273F-24D4-4E2C-89AA-9C1C29EF5CE2}.Debug|Any CPU.ActiveCfg = Debug|Any CPU
		{A26D273F-24D4-4E2C-89AA-9C1C29EF5CE2}.Debug|Any CPU.Build.0 = Debug|Any CPU
		{A26D273F-24D4-4E2C-89AA-9C1C29EF5CE2}.Release|Any CPU.ActiveCfg = Release|Any CPU
		{A26D273F-24D4-4E2C-89AA-9C1C29EF5CE2}.Release|Any CPU.Build.0 = Release|Any CPU
		{2D5F6399-076C-4C26-B62E-20A48FFB3172}.Debug|Any CPU.ActiveCfg = Debug|Any CPU
		{2D5F6399-076C-4C26-B62E-20A48FFB3172}.Debug|Any CPU.Build.0 = Debug|Any CPU
		{2D5F6399-076C-4C26-B62E-20A48FFB3172}.Release|Any CPU.ActiveCfg = Release|Any CPU
		{2D5F6399-076C-4C26-B62E-20A48FFB3172}.Release|Any CPU.Build.0 = Release|Any CPU
		{3F3FA82D-07DF-42FA-AC58-DAB902D65A8D}.Debug|Any CPU.ActiveCfg = Debug|Any CPU
		{3F3FA82D-07DF-42FA-AC58-DAB902D65A8D}.Debug|Any CPU.Build.0 = Debug|Any CPU
		{3F3FA82D-07DF-42FA-AC58-DAB902D65A8D}.Release|Any CPU.ActiveCfg = Release|Any CPU
		{3F3FA82D-07DF-42FA-AC58-DAB902D65A8D}.Release|Any CPU.Build.0 = Release|Any CPU
		{A53C1367-0791-4D1D-9E88-9F6E167499DC}.Debug|Any CPU.ActiveCfg = Debug|Any CPU
		{A53C1367-0791-4D1D-9E88-9F6E167499DC}.Debug|Any CPU.Build.0 = Debug|Any CPU
		{A53C1367-0791-4D1D-9E88-9F6E167499DC}.Release|Any CPU.ActiveCfg = Release|Any CPU
		{A53C1367-0791-4D1D-9E88-9F6E167499DC}.Release|Any CPU.Build.0 = Release|Any CPU
		{6AA2B7B9-2C69-4ADD-AEE0-97E47209E74B}.Debug|Any CPU.ActiveCfg = Debug|Any CPU
		{6AA2B7B9-2C69-4ADD-AEE0-97E47209E74B}.Debug|Any CPU.Build.0 = Debug|Any CPU
		{6AA2B7B9-2C69-4ADD-AEE0-97E47209E74B}.Release|Any CPU.ActiveCfg = Release|Any CPU
		{6AA2B7B9-2C69-4ADD-AEE0-97E47209E74B}.Release|Any CPU.Build.0 = Release|Any CPU
		{477CA820-E268-4C24-B925-1BDB55CC54B0}.Debug|Any CPU.ActiveCfg = Debug|Any CPU
		{477CA820-E268-4C24-B925-1BDB55CC54B0}.Debug|Any CPU.Build.0 = Debug|Any CPU
		{477CA820-E268-4C24-B925-1BDB55CC54B0}.Release|Any CPU.ActiveCfg = Release|Any CPU
		{477CA820-E268-4C24-B925-1BDB55CC54B0}.Release|Any CPU.Build.0 = Release|Any CPU
		{3A58EE74-9B85-4D1E-AD07-0C2D91304093}.Debug|Any CPU.ActiveCfg = Debug|Any CPU
		{3A58EE74-9B85-4D1E-AD07-0C2D91304093}.Debug|Any CPU.Build.0 = Debug|Any CPU
		{3A58EE74-9B85-4D1E-AD07-0C2D91304093}.Release|Any CPU.ActiveCfg = Release|Any CPU
		{3A58EE74-9B85-4D1E-AD07-0C2D91304093}.Release|Any CPU.Build.0 = Release|Any CPU
		{478DA1BD-9F50-4972-8CF8-9CF424B8AAA2}.Debug|Any CPU.ActiveCfg = Debug|Any CPU
		{478DA1BD-9F50-4972-8CF8-9CF424B8AAA2}.Debug|Any CPU.Build.0 = Debug|Any CPU
		{478DA1BD-9F50-4972-8CF8-9CF424B8AAA2}.Release|Any CPU.ActiveCfg = Release|Any CPU
		{478DA1BD-9F50-4972-8CF8-9CF424B8AAA2}.Release|Any CPU.Build.0 = Release|Any CPU
		{BE3E19F8-0877-43CD-AF14-3CD3CB9DCB4D}.Debug|Any CPU.ActiveCfg = Debug|Any CPU
		{BE3E19F8-0877-43CD-AF14-3CD3CB9DCB4D}.Debug|Any CPU.Build.0 = Debug|Any CPU
		{BE3E19F8-0877-43CD-AF14-3CD3CB9DCB4D}.Release|Any CPU.ActiveCfg = Release|Any CPU
		{BE3E19F8-0877-43CD-AF14-3CD3CB9DCB4D}.Release|Any CPU.Build.0 = Release|Any CPU
		{1A94E69E-0015-4B4E-84BF-A82FD29191D6}.Debug|Any CPU.ActiveCfg = Debug|Any CPU
		{1A94E69E-0015-4B4E-84BF-A82FD29191D6}.Debug|Any CPU.Build.0 = Debug|Any CPU
		{1A94E69E-0015-4B4E-84BF-A82FD29191D6}.Release|Any CPU.ActiveCfg = Release|Any CPU
		{1A94E69E-0015-4B4E-84BF-A82FD29191D6}.Release|Any CPU.Build.0 = Release|Any CPU
	EndGlobalSection
	GlobalSection(SolutionProperties) = preSolution
		HideSolutionNode = FALSE
	EndGlobalSection
	GlobalSection(NestedProjects) = preSolution
		{14A57764-0E0B-46C2-B0D6-B382F7055E54} = {0935AAE5-3E4A-4A3A-94D4-BDE47BC48FEC}
		{F59D0C70-1088-4108-B7C1-CA155CB9477E} = {D7A27CC9-0EF9-4692-96AF-D28EFF68DF07}
		{7EA7ABBA-8D71-46C1-BABC-B1FBD2F164FA} = {87B1A788-B124-4534-BCDC-D144E3AF6F37}
		{0B26A67C-8E6D-4791-9A10-246BD2C83F08} = {87B1A788-B124-4534-BCDC-D144E3AF6F37}
		{AA761224-8D53-49CD-BB56-0F2AF5D8A970} = {0B26A67C-8E6D-4791-9A10-246BD2C83F08}
		{A26D273F-24D4-4E2C-89AA-9C1C29EF5CE2} = {0B26A67C-8E6D-4791-9A10-246BD2C83F08}
		{2D5F6399-076C-4C26-B62E-20A48FFB3172} = {DEBD95B9-43C8-4A61-A943-B2D12AE77152}
		{3F3FA82D-07DF-42FA-AC58-DAB902D65A8D} = {DEBD95B9-43C8-4A61-A943-B2D12AE77152}
		{A53C1367-0791-4D1D-9E88-9F6E167499DC} = {0B26A67C-8E6D-4791-9A10-246BD2C83F08}
		{6AA2B7B9-2C69-4ADD-AEE0-97E47209E74B} = {7EA7ABBA-8D71-46C1-BABC-B1FBD2F164FA}
		{477CA820-E268-4C24-B925-1BDB55CC54B0} = {7EA7ABBA-8D71-46C1-BABC-B1FBD2F164FA}
		{3A58EE74-9B85-4D1E-AD07-0C2D91304093} = {0935AAE5-3E4A-4A3A-94D4-BDE47BC48FEC}
		{D7A27CC9-0EF9-4692-96AF-D28EFF68DF07} = {87B1A788-B124-4534-BCDC-D144E3AF6F37}
		{478DA1BD-9F50-4972-8CF8-9CF424B8AAA2} = {D7A27CC9-0EF9-4692-96AF-D28EFF68DF07}
		{BE3E19F8-0877-43CD-AF14-3CD3CB9DCB4D} = {D7A27CC9-0EF9-4692-96AF-D28EFF68DF07}
		{1A94E69E-0015-4B4E-84BF-A82FD29191D6} = {7EA7ABBA-8D71-46C1-BABC-B1FBD2F164FA}
	EndGlobalSection
	GlobalSection(ExtensibilityGlobals) = postSolution
		SolutionGuid = {EED2258C-ABC1-4B47-94F5-FD5C853B9548}
	EndGlobalSection
EndGlobal
